
Microsoft Visual Studio Solution File, Format Version 12.00
# Visual Studio Version 17
VisualStudioVersion = 17.7.34024.191
MinimumVisualStudioVersion = 10.0.40219.1
Project("{9A19103F-16F7-4668-BE54-9A1E7A4F7556}") = "UserTaskApi", "UserTaskApi.csproj", "{DF625A94-65B9-48BF-924A-CB676AA695A6}"
EndProject
Project("{FAE04EC0-301F-11D3-BF4B-00C04F79EFBC}") = "UserTasksTest", "..\UserTasksTest\UserTasksTest.csproj", "{89FF736F-E6AA-4E7B-B64E-F3970D967187}"
EndProject
Global
	GlobalSection(SolutionConfigurationPlatforms) = preSolution
		Debug|Any CPU = Debug|Any CPU
		Release|Any CPU = Release|Any CPU
	EndGlobalSection
	GlobalSection(ProjectConfigurationPlatforms) = postSolution
		{DF625A94-65B9-48BF-924A-CB676AA695A6}.Debug|Any CPU.ActiveCfg = Debug|Any CPU
		{DF625A94-65B9-48BF-924A-CB676AA695A6}.Debug|Any CPU.Build.0 = Debug|Any CPU
		{DF625A94-65B9-48BF-924A-CB676AA695A6}.Release|Any CPU.ActiveCfg = Release|Any CPU
		{DF625A94-65B9-48BF-924A-CB676AA695A6}.Release|Any CPU.Build.0 = Release|Any CPU
		{89FF736F-E6AA-4E7B-B64E-F3970D967187}.Debug|Any CPU.ActiveCfg = Debug|Any CPU
		{89FF736F-E6AA-4E7B-B64E-F3970D967187}.Debug|Any CPU.Build.0 = Debug|Any CPU
		{89FF736F-E6AA-4E7B-B64E-F3970D967187}.Release|Any CPU.ActiveCfg = Release|Any CPU
		{89FF736F-E6AA-4E7B-B64E-F3970D967187}.Release|Any CPU.Build.0 = Release|Any CPU
	EndGlobalSection
	GlobalSection(SolutionProperties) = preSolution
		HideSolutionNode = FALSE
	EndGlobalSection
	GlobalSection(ExtensibilityGlobals) = postSolution
		SolutionGuid = {81FCB0A3-1273-4AD1-915E-4BC5843EDE3C}
	EndGlobalSection
EndGlobal
